
Microsoft Visual Studio Solution File, Format Version 12.00
# Visual Studio Version 17
VisualStudioVersion = 17.14.37203.1 d17.14
MinimumVisualStudioVersion = 10.0.40219.1
Project("{FAE04EC0-301F-11D3-BF4B-00C04F79EFBC}") = "Aula08_Exercicio1", "Aula08_Exercicio1.csproj", "{C665A880-AD64-43D8-B0E2-76EF9E0FE852}"
EndProject
Global
	GlobalSection(SolutionConfigurationPlatforms) = preSolution
		Debug|Any CPU = Debug|Any CPU
		Release|Any CPU = Release|Any CPU
	EndGlobalSection
	GlobalSection(ProjectConfigurationPlatforms) = postSolution
		{C665A880-AD64-43D8-B0E2-76EF9E0FE852}.Debug|Any CPU.ActiveCfg = Debug|Any CPU
		{C665A880-AD64-43D8-B0E2-76EF9E0FE852}.Debug|Any CPU.Build.0 = Debug|Any CPU
		{C665A880-AD64-43D8-B0E2-76EF9E0FE852}.Release|Any CPU.ActiveCfg = Release|Any CPU
		{C665A880-AD64-43D8-B0E2-76EF9E0FE852}.Release|Any CPU.Build.0 = Release|Any CPU
	EndGlobalSection
	GlobalSection(SolutionProperties) = preSolution
		HideSolutionNode = FALSE
	EndGlobalSection
	GlobalSection(ExtensibilityGlobals) = postSolution
		SolutionGuid = {B536C9BC-0C9A-4808-9E9C-DD97C8331D11}
	EndGlobalSection
EndGlobal
