
Microsoft Visual Studio Solution File, Format Version 12.00
# Visual Studio Version 17
VisualStudioVersion = 17.14.37203.1 d17.14
MinimumVisualStudioVersion = 10.0.40219.1
Project("{FAE04EC0-301F-11D3-BF4B-00C04F79EFBC}") = "Aula01_TiposDeDados", "Aula01_TiposDeDados.csproj", "{E3D14D01-304E-441F-8F53-A64BDBD0F796}"
EndProject
Global
	GlobalSection(SolutionConfigurationPlatforms) = preSolution
		Debug|Any CPU = Debug|Any CPU
		Release|Any CPU = Release|Any CPU
	EndGlobalSection
	GlobalSection(ProjectConfigurationPlatforms) = postSolution
		{E3D14D01-304E-441F-8F53-A64BDBD0F796}.Debug|Any CPU.ActiveCfg = Debug|Any CPU
		{E3D14D01-304E-441F-8F53-A64BDBD0F796}.Debug|Any CPU.Build.0 = Debug|Any CPU
		{E3D14D01-304E-441F-8F53-A64BDBD0F796}.Release|Any CPU.ActiveCfg = Release|Any CPU
		{E3D14D01-304E-441F-8F53-A64BDBD0F796}.Release|Any CPU.Build.0 = Release|Any CPU
	EndGlobalSection
	GlobalSection(SolutionProperties) = preSolution
		HideSolutionNode = FALSE
	EndGlobalSection
	GlobalSection(ExtensibilityGlobals) = postSolution
		SolutionGuid = {7820ED04-E524-4DFF-B733-B54C4DEB794B}
	EndGlobalSection
EndGlobal
