
Microsoft Visual Studio Solution File, Format Version 12.00
# Visual Studio Version 17
VisualStudioVersion = 17.14.37203.1 d17.14
MinimumVisualStudioVersion = 10.0.40219.1
Project("{FAE04EC0-301F-11D3-BF4B-00C04F79EFBC}") = "Aula11_Exercise1", "Aula11_Exercise1.csproj", "{149B71D8-D4FD-472E-87EB-4D3030A32723}"
EndProject
Global
	GlobalSection(SolutionConfigurationPlatforms) = preSolution
		Debug|Any CPU = Debug|Any CPU
		Release|Any CPU = Release|Any CPU
	EndGlobalSection
	GlobalSection(ProjectConfigurationPlatforms) = postSolution
		{149B71D8-D4FD-472E-87EB-4D3030A32723}.Debug|Any CPU.ActiveCfg = Debug|Any CPU
		{149B71D8-D4FD-472E-87EB-4D3030A32723}.Debug|Any CPU.Build.0 = Debug|Any CPU
		{149B71D8-D4FD-472E-87EB-4D3030A32723}.Release|Any CPU.ActiveCfg = Release|Any CPU
		{149B71D8-D4FD-472E-87EB-4D3030A32723}.Release|Any CPU.Build.0 = Release|Any CPU
	EndGlobalSection
	GlobalSection(SolutionProperties) = preSolution
		HideSolutionNode = FALSE
	EndGlobalSection
	GlobalSection(ExtensibilityGlobals) = postSolution
		SolutionGuid = {CBC47671-DD3D-4BA4-85D8-F71C077F5498}
	EndGlobalSection
EndGlobal
