
Microsoft Visual Studio Solution File, Format Version 12.00
# Visual Studio Version 17
VisualStudioVersion = 17.14.37203.1 d17.14
MinimumVisualStudioVersion = 10.0.40219.1
Project("{FAE04EC0-301F-11D3-BF4B-00C04F79EFBC}") = "Aula07_OperadoresAritmeticos", "Aula07_OperadoresAritmeticos.csproj", "{15BEA879-587A-4D4C-9662-F3CB7CC0E8C3}"
EndProject
Global
	GlobalSection(SolutionConfigurationPlatforms) = preSolution
		Debug|Any CPU = Debug|Any CPU
		Release|Any CPU = Release|Any CPU
	EndGlobalSection
	GlobalSection(ProjectConfigurationPlatforms) = postSolution
		{15BEA879-587A-4D4C-9662-F3CB7CC0E8C3}.Debug|Any CPU.ActiveCfg = Debug|Any CPU
		{15BEA879-587A-4D4C-9662-F3CB7CC0E8C3}.Debug|Any CPU.Build.0 = Debug|Any CPU
		{15BEA879-587A-4D4C-9662-F3CB7CC0E8C3}.Release|Any CPU.ActiveCfg = Release|Any CPU
		{15BEA879-587A-4D4C-9662-F3CB7CC0E8C3}.Release|Any CPU.Build.0 = Release|Any CPU
	EndGlobalSection
	GlobalSection(SolutionProperties) = preSolution
		HideSolutionNode = FALSE
	EndGlobalSection
	GlobalSection(ExtensibilityGlobals) = postSolution
		SolutionGuid = {67D3D4DD-207D-4AD0-87D1-88A1D64A5FAF}
	EndGlobalSection
EndGlobal
