
Microsoft Visual Studio Solution File, Format Version 12.00
# Visual Studio Version 17
VisualStudioVersion = 17.14.37203.1 d17.14
MinimumVisualStudioVersion = 10.0.40219.1
Project("{FAE04EC0-301F-11D3-BF4B-00C04F79EFBC}") = "Aula08_Exercicio6", "Aula08_Exercicio6.csproj", "{74D3CAB3-8C26-4438-8548-D540931715FE}"
EndProject
Global
	GlobalSection(SolutionConfigurationPlatforms) = preSolution
		Debug|Any CPU = Debug|Any CPU
		Release|Any CPU = Release|Any CPU
	EndGlobalSection
	GlobalSection(ProjectConfigurationPlatforms) = postSolution
		{74D3CAB3-8C26-4438-8548-D540931715FE}.Debug|Any CPU.ActiveCfg = Debug|Any CPU
		{74D3CAB3-8C26-4438-8548-D540931715FE}.Debug|Any CPU.Build.0 = Debug|Any CPU
		{74D3CAB3-8C26-4438-8548-D540931715FE}.Release|Any CPU.ActiveCfg = Release|Any CPU
		{74D3CAB3-8C26-4438-8548-D540931715FE}.Release|Any CPU.Build.0 = Release|Any CPU
	EndGlobalSection
	GlobalSection(SolutionProperties) = preSolution
		HideSolutionNode = FALSE
	EndGlobalSection
	GlobalSection(ExtensibilityGlobals) = postSolution
		SolutionGuid = {62B92A86-0C00-4791-8B7E-A241D321BD75}
	EndGlobalSection
EndGlobal
