
Microsoft Visual Studio Solution File, Format Version 12.00
# Visual Studio Version 17
VisualStudioVersion = 17.14.37203.1 d17.14
MinimumVisualStudioVersion = 10.0.40219.1
Project("{FAE04EC0-301F-11D3-BF4B-00C04F79EFBC}") = "Aula12_Fuction", "Aula12_Fuction.csproj", "{0757E9D8-3EC6-4216-9CEC-D7D10B79B6F9}"
EndProject
Global
	GlobalSection(SolutionConfigurationPlatforms) = preSolution
		Debug|Any CPU = Debug|Any CPU
		Release|Any CPU = Release|Any CPU
	EndGlobalSection
	GlobalSection(ProjectConfigurationPlatforms) = postSolution
		{0757E9D8-3EC6-4216-9CEC-D7D10B79B6F9}.Debug|Any CPU.ActiveCfg = Debug|Any CPU
		{0757E9D8-3EC6-4216-9CEC-D7D10B79B6F9}.Debug|Any CPU.Build.0 = Debug|Any CPU
		{0757E9D8-3EC6-4216-9CEC-D7D10B79B6F9}.Release|Any CPU.ActiveCfg = Release|Any CPU
		{0757E9D8-3EC6-4216-9CEC-D7D10B79B6F9}.Release|Any CPU.Build.0 = Release|Any CPU
	EndGlobalSection
	GlobalSection(SolutionProperties) = preSolution
		HideSolutionNode = FALSE
	EndGlobalSection
	GlobalSection(ExtensibilityGlobals) = postSolution
		SolutionGuid = {3DE87F3D-077B-43A5-9D3B-00178D36EA12}
	EndGlobalSection
EndGlobal
